
Microsoft Visual Studio Solution File, Format Version 12.00
# Visual Studio 15
VisualStudioVersion = 15.0.26124.0
MinimumVisualStudioVersion = 15.0.26124.0
Project("{2150E333-8FDC-42A3-9474-1A3956D46DE8}") = "src", "src", "{40F19F16-4818-433F-AA5E-6D033DF2A824}"
EndProject
Project("{F2A71F9B-5D33-465A-A702-920D77279786}") = "Vertigo.Json", "src\Vertigo.Json\Vertigo.Json.fsproj", "{FEE47D6B-F36C-41D4-9890-7527A71F64E0}"
EndProject
Project("{2150E333-8FDC-42A3-9474-1A3956D46DE8}") = "tests", "tests", "{CE6157C0-948F-4822-8993-56B2C519EFFC}"
EndProject
Project("{F2A71F9B-5D33-465A-A702-920D77279786}") = "Vertigo.Json.Tests", "tests\Vertigo.Json.Tests\Vertigo.Json.Tests.fsproj", "{E7DF0C3C-824B-4EEC-95D4-F03580AB6535}"
EndProject
Global
	GlobalSection(SolutionConfigurationPlatforms) = preSolution
		Debug|Any CPU = Debug|Any CPU
		Debug|x64 = Debug|x64
		Debug|x86 = Debug|x86
		Release|Any CPU = Release|Any CPU
		Release|x64 = Release|x64
		Release|x86 = Release|x86
	EndGlobalSection
	GlobalSection(SolutionProperties) = preSolution
		HideSolutionNode = FALSE
	EndGlobalSection
	GlobalSection(ProjectConfigurationPlatforms) = postSolution
		{FEE47D6B-F36C-41D4-9890-7527A71F64E0}.Debug|Any CPU.ActiveCfg = Debug|Any CPU
		{FEE47D6B-F36C-41D4-9890-7527A71F64E0}.Debug|Any CPU.Build.0 = Debug|Any CPU
		{FEE47D6B-F36C-41D4-9890-7527A71F64E0}.Debug|x64.ActiveCfg = Debug|x64
		{FEE47D6B-F36C-41D4-9890-7527A71F64E0}.Debug|x64.Build.0 = Debug|x64
		{FEE47D6B-F36C-41D4-9890-7527A71F64E0}.Debug|x86.ActiveCfg = Debug|x86
		{FEE47D6B-F36C-41D4-9890-7527A71F64E0}.Debug|x86.Build.0 = Debug|x86
		{FEE47D6B-F36C-41D4-9890-7527A71F64E0}.Release|Any CPU.ActiveCfg = Release|Any CPU
		{FEE47D6B-F36C-41D4-9890-7527A71F64E0}.Release|Any CPU.Build.0 = Release|Any CPU
		{FEE47D6B-F36C-41D4-9890-7527A71F64E0}.Release|x64.ActiveCfg = Release|x64
		{FEE47D6B-F36C-41D4-9890-7527A71F64E0}.Release|x64.Build.0 = Release|x64
		{FEE47D6B-F36C-41D4-9890-7527A71F64E0}.Release|x86.ActiveCfg = Release|x86
		{FEE47D6B-F36C-41D4-9890-7527A71F64E0}.Release|x86.Build.0 = Release|x86
		{E7DF0C3C-824B-4EEC-95D4-F03580AB6535}.Debug|Any CPU.ActiveCfg = Debug|Any CPU
		{E7DF0C3C-824B-4EEC-95D4-F03580AB6535}.Debug|Any CPU.Build.0 = Debug|Any CPU
		{E7DF0C3C-824B-4EEC-95D4-F03580AB6535}.Debug|x64.ActiveCfg = Debug|x64
		{E7DF0C3C-824B-4EEC-95D4-F03580AB6535}.Debug|x64.Build.0 = Debug|x64
		{E7DF0C3C-824B-4EEC-95D4-F03580AB6535}.Debug|x86.ActiveCfg = Debug|x86
		{E7DF0C3C-824B-4EEC-95D4-F03580AB6535}.Debug|x86.Build.0 = Debug|x86
		{E7DF0C3C-824B-4EEC-95D4-F03580AB6535}.Release|Any CPU.ActiveCfg = Release|Any CPU
		{E7DF0C3C-824B-4EEC-95D4-F03580AB6535}.Release|Any CPU.Build.0 = Release|Any CPU
		{E7DF0C3C-824B-4EEC-95D4-F03580AB6535}.Release|x64.ActiveCfg = Release|x64
		{E7DF0C3C-824B-4EEC-95D4-F03580AB6535}.Release|x64.Build.0 = Release|x64
		{E7DF0C3C-824B-4EEC-95D4-F03580AB6535}.Release|x86.ActiveCfg = Release|x86
		{E7DF0C3C-824B-4EEC-95D4-F03580AB6535}.Release|x86.Build.0 = Release|x86
	EndGlobalSection
	GlobalSection(NestedProjects) = preSolution
		{FEE47D6B-F36C-41D4-9890-7527A71F64E0} = {40F19F16-4818-433F-AA5E-6D033DF2A824}
		{E7DF0C3C-824B-4EEC-95D4-F03580AB6535} = {CE6157C0-948F-4822-8993-56B2C519EFFC}
	EndGlobalSection
EndGlobal
